
Microsoft Visual Studio Solution File, Format Version 12.00
# Visual Studio Version 17
VisualStudioVersion = 17.1.32414.318
MinimumVisualStudioVersion = 10.0.40219.1
Project("{FAE04EC0-301F-11D3-BF4B-00C04F79EFBC}") = "XPaidMerchantIntegrationExample", "XPaidMerchantIntegrationExample\XPaidMerchantIntegrationExample.csproj", "{52CD6009-5C95-4910-94BA-294E1257BF61}"
EndProject
Global
	GlobalSection(SolutionConfigurationPlatforms) = preSolution
		Debug|Any CPU = Debug|Any CPU
		Release|Any CPU = Release|Any CPU
	EndGlobalSection
	GlobalSection(ProjectConfigurationPlatforms) = postSolution
		{52CD6009-5C95-4910-94BA-294E1257BF61}.Debug|Any CPU.ActiveCfg = Debug|Any CPU
		{52CD6009-5C95-4910-94BA-294E1257BF61}.Debug|Any CPU.Build.0 = Debug|Any CPU
		{52CD6009-5C95-4910-94BA-294E1257BF61}.Release|Any CPU.ActiveCfg = Release|Any CPU
		{52CD6009-5C95-4910-94BA-294E1257BF61}.Release|Any CPU.Build.0 = Release|Any CPU
	EndGlobalSection
	GlobalSection(SolutionProperties) = preSolution
		HideSolutionNode = FALSE
	EndGlobalSection
	GlobalSection(ExtensibilityGlobals) = postSolution
		SolutionGuid = {5424C0BD-DBA0-4052-A920-936CBF50790F}
	EndGlobalSection
EndGlobal
